
Microsoft Visual Studio Solution File, Format Version 12.00
# Visual Studio 2013
VisualStudioVersion = 12.0.31101.0
MinimumVisualStudioVersion = 10.0.40219.1
Project("{FAE04EC0-301F-11D3-BF4B-00C04F79EFBC}") = "Consola", "Consola\Consola.csproj", "{993C9822-D0DF-4B31-A2DA-3EDFF7883C6A}"
EndProject
Project("{FAE04EC0-301F-11D3-BF4B-00C04F79EFBC}") = "ConsolaJumbo", "ConsolaJumbo\ConsolaJumbo.csproj", "{B29477FA-430B-4141-B915-8459E636014D}"
EndProject
Global
	GlobalSection(SolutionConfigurationPlatforms) = preSolution
		Debug|Any CPU = Debug|Any CPU
		Release|Any CPU = Release|Any CPU
	EndGlobalSection
	GlobalSection(ProjectConfigurationPlatforms) = postSolution
		{993C9822-D0DF-4B31-A2DA-3EDFF7883C6A}.Debug|Any CPU.ActiveCfg = Debug|Any CPU
		{993C9822-D0DF-4B31-A2DA-3EDFF7883C6A}.Debug|Any CPU.Build.0 = Debug|Any CPU
		{993C9822-D0DF-4B31-A2DA-3EDFF7883C6A}.Release|Any CPU.ActiveCfg = Release|Any CPU
		{993C9822-D0DF-4B31-A2DA-3EDFF7883C6A}.Release|Any CPU.Build.0 = Release|Any CPU
		{B29477FA-430B-4141-B915-8459E636014D}.Debug|Any CPU.ActiveCfg = Debug|Any CPU
		{B29477FA-430B-4141-B915-8459E636014D}.Debug|Any CPU.Build.0 = Debug|Any CPU
		{B29477FA-430B-4141-B915-8459E636014D}.Release|Any CPU.ActiveCfg = Release|Any CPU
		{B29477FA-430B-4141-B915-8459E636014D}.Release|Any CPU.Build.0 = Release|Any CPU
	EndGlobalSection
	GlobalSection(SolutionProperties) = preSolution
		HideSolutionNode = FALSE
	EndGlobalSection
EndGlobal
